{
  "name": "dashboard",
  "version": "0.1.0",
  "lockfileVersion": 3,
  "requires": true,
  "packages": {
    "": {
      "name": "dashboard",
      "version": "0.1.0",
      "dependencies": {
        "shared-module": "file:../shared-module"
      }
    },
    "../shared_modules/shared-module": {},
    "node_modules/shared-module": {
      "resolved": "../shared-module",
      "link": true
    }
  }
}
